
Microsoft Visual Studio Solution File, Format Version 12.00
# Visual Studio Version 17
VisualStudioVersion = 17.14.36401.2 d17.14
MinimumVisualStudioVersion = 10.0.40219.1
Project("{FAE04EC0-301F-11D3-BF4B-00C04F79EFBC}") = "PrimaryConstructorDemo", "PrimaryConstructorDemo\PrimaryConstructorDemo.csproj", "{4362D461-B51B-462F-9422-D371449A3431}"
EndProject
Global
	GlobalSection(SolutionConfigurationPlatforms) = preSolution
		Debug|Any CPU = Debug|Any CPU
		Release|Any CPU = Release|Any CPU
	EndGlobalSection
	GlobalSection(ProjectConfigurationPlatforms) = postSolution
		{4362D461-B51B-462F-9422-D371449A3431}.Debug|Any CPU.ActiveCfg = Debug|Any CPU
		{4362D461-B51B-462F-9422-D371449A3431}.Debug|Any CPU.Build.0 = Debug|Any CPU
		{4362D461-B51B-462F-9422-D371449A3431}.Release|Any CPU.ActiveCfg = Release|Any CPU
		{4362D461-B51B-462F-9422-D371449A3431}.Release|Any CPU.Build.0 = Release|Any CPU
	EndGlobalSection
	GlobalSection(SolutionProperties) = preSolution
		HideSolutionNode = FALSE
	EndGlobalSection
	GlobalSection(ExtensibilityGlobals) = postSolution
		SolutionGuid = {ADB57702-A43E-4A6B-8372-EF50FAD895ED}
	EndGlobalSection
EndGlobal
